
Microsoft Visual Studio Solution File, Format Version 12.00
# Visual Studio Version 17
VisualStudioVersion = 17.8.34322.80
MinimumVisualStudioVersion = 10.0.40219.1
Project("{FAE04EC0-301F-11D3-BF4B-00C04F79EFBC}") = "ClassLibrary10Lab", "ClassLibrary10Lab.csproj", "{47C4B12D-28FA-482F-B1C5-4D9135E1D8EC}"
EndProject
Global
	GlobalSection(SolutionConfigurationPlatforms) = preSolution
		Debug|Any CPU = Debug|Any CPU
		Release|Any CPU = Release|Any CPU
	EndGlobalSection
	GlobalSection(ProjectConfigurationPlatforms) = postSolution
		{47C4B12D-28FA-482F-B1C5-4D9135E1D8EC}.Debug|Any CPU.ActiveCfg = Debug|Any CPU
		{47C4B12D-28FA-482F-B1C5-4D9135E1D8EC}.Debug|Any CPU.Build.0 = Debug|Any CPU
		{47C4B12D-28FA-482F-B1C5-4D9135E1D8EC}.Release|Any CPU.ActiveCfg = Release|Any CPU
		{47C4B12D-28FA-482F-B1C5-4D9135E1D8EC}.Release|Any CPU.Build.0 = Release|Any CPU
	EndGlobalSection
	GlobalSection(SolutionProperties) = preSolution
		HideSolutionNode = FALSE
	EndGlobalSection
	GlobalSection(ExtensibilityGlobals) = postSolution
		SolutionGuid = {BB3C8BF4-45BC-4C2F-8C37-0591B4EA1436}
	EndGlobalSection
EndGlobal
